// !$*UTF8*$!
{
	archiveVersion = 1;
	classes = {
	};
	objectVersion = 55;
	objects = {

/* Begin PBXBuildFile section */
		B02A644428AB7347000FAA3C /* AppDelegate.swift in Sources */ = {isa = PBXBuildFile; fileRef = B02A644328AB7347000FAA3C /* AppDelegate.swift */; };
		B02A644628AB7347000FAA3C /* SceneDelegate.swift in Sources */ = {isa = PBXBuildFile; fileRef = B02A644528AB7347000FAA3C /* SceneDelegate.swift */; };
		B02A644828AB7347000FAA3C /* ViewController.swift in Sources */ = {isa = PBXBuildFile; fileRef = B02A644728AB7347000FAA3C /* ViewController.swift */; };
		B02A644B28AB7347000FAA3C /* Main.storyboard in Resources */ = {isa = PBXBuildFile; fileRef = B02A644928AB7347000FAA3C /* Main.storyboard */; };
		B02A644D28AB7349000FAA3C /* Assets.xcassets in Resources */ = {isa = PBXBuildFile; fileRef = B02A644C28AB7349000FAA3C /* Assets.xcassets */; };
		B02A645028AB7349000FAA3C /* LaunchScreen.storyboard in Resources */ = {isa = PBXBuildFile; fileRef = B02A644E28AB7349000FAA3C /* LaunchScreen.storyboard */; };
		B02A645828B2722F000FAA3C /* ResultViewController.swift in Sources */ = {isa = PBXBuildFile; fileRef = B02A645728B2722F000FAA3C /* ResultViewController.swift */; };
		B02A645A28B3BF4B000FAA3C /* question.csv in Resources */ = {isa = PBXBuildFile; fileRef = B02A645928B3BF4B000FAA3C /* question.csv */; };
		B02A645C28B3C14F000FAA3C /* QuestionDataManager.swift in Sources */ = {isa = PBXBuildFile; fileRef = B02A645B28B3C14F000FAA3C /* QuestionDataManager.swift */; };
		B02A645E28C62ED5000FAA3C /* QuestionData.swift in Sources */ = {isa = PBXBuildFile; fileRef = B02A645D28C62ED5000FAA3C /* QuestionData.swift */; };
		B0931C8D28CC6BE00061DB30 /* StartViewController.swift in Sources */ = {isa = PBXBuildFile; fileRef = B0931C8C28CC6BE00061DB30 /* StartViewController.swift */; };
		B0931C8F28CC7E590061DB30 /* QuestionViewController.swift in Sources */ = {isa = PBXBuildFile; fileRef = B0931C8E28CC7E590061DB30 /* QuestionViewController.swift */; };
/* End PBXBuildFile section */

/* Begin PBXFileReference section */
		B02A644028AB7346000FAA3C /* MyQuiz.app */ = {isa = PBXFileReference; explicitFileType = wrapper.application; includeInIndex = 0; path = MyQuiz.app; sourceTree = BUILT_PRODUCTS_DIR; };
		B02A644328AB7347000FAA3C /* AppDelegate.swift */ = {isa = PBXFileReference; lastKnownFileType = sourcecode.swift; path = AppDelegate.swift; sourceTree = "<group>"; };
		B02A644528AB7347000FAA3C /* SceneDelegate.swift */ = {isa = PBXFileReference; lastKnownFileType = sourcecode.swift; path = SceneDelegate.swift; sourceTree = "<group>"; };
		B02A644728AB7347000FAA3C /* ViewController.swift */ = {isa = PBXFileReference; lastKnownFileType = sourcecode.swift; path = ViewController.swift; sourceTree = "<group>"; };
		B02A644A28AB7347000FAA3C /* Base */ = {isa = PBXFileReference; lastKnownFileType = file.storyboard; name = Base; path = Base.lproj/Main.storyboard; sourceTree = "<group>"; };
		B02A644C28AB7349000FAA3C /* Assets.xcassets */ = {isa = PBXFileReference; lastKnownFileType = folder.assetcatalog; path = Assets.xcassets; sourceTree = "<group>"; };
		B02A644F28AB7349000FAA3C /* Base */ = {isa = PBXFileReference; lastKnownFileType = file.storyboard; name = Base; path = Base.lproj/LaunchScreen.storyboard; sourceTree = "<group>"; };
		B02A645128AB7349000FAA3C /* Info.plist */ = {isa = PBXFileReference; lastKnownFileType = text.plist.xml; path = Info.plist; sourceTree = "<group>"; };
		B02A645728B2722F000FAA3C /* ResultViewController.swift */ = {isa = PBXFileReference; lastKnownFileType = sourcecode.swift; path = ResultViewController.swift; sourceTree = "<group>"; };
		B02A645928B3BF4B000FAA3C /* question.csv */ = {isa = PBXFileReference; fileEncoding = 4; lastKnownFileType = text; path = question.csv; sourceTree = "<group>"; };
		B02A645B28B3C14F000FAA3C /* QuestionDataManager.swift */ = {isa = PBXFileReference; lastKnownFileType = sourcecode.swift; path = QuestionDataManager.swift; sourceTree = "<group>"; };
		B02A645D28C62ED5000FAA3C /* QuestionData.swift */ = {isa = PBXFileReference; lastKnownFileType = sourcecode.swift; path = QuestionData.swift; sourceTree = "<group>"; };
		B0931C8C28CC6BE00061DB30 /* StartViewController.swift */ = {isa = PBXFileReference; lastKnownFileType = sourcecode.swift; path = StartViewController.swift; sourceTree = "<group>"; };
		B0931C8E28CC7E590061DB30 /* QuestionViewController.swift */ = {isa = PBXFileReference; lastKnownFileType = sourcecode.swift; path = QuestionViewController.swift; sourceTree = "<group>"; };
/* End PBXFileReference section */

/* Begin PBXFrameworksBuildPhase section */
		B02A643D28AB7346000FAA3C /* Frameworks */ = {
			isa = PBXFrameworksBuildPhase;
			buildActionMask = 2147483647;
			files = (
			);
			runOnlyForDeploymentPostprocessing = 0;
		};
/* End PBXFrameworksBuildPhase section */

/* Begin PBXGroup section */
		B02A643728AB7346000FAA3C = {
			isa = PBXGroup;
			children = (
				B02A644228AB7346000FAA3C /* MyQuiz */,
				B02A644128AB7346000FAA3C /* Products */,
			);
			sourceTree = "<group>";
		};
		B02A644128AB7346000FAA3C /* Products */ = {
			isa = PBXGroup;
			children = (
				B02A644028AB7346000FAA3C /* MyQuiz.app */,
			);
			name = Products;
			sourceTree = "<group>";
		};
		B02A644228AB7346000FAA3C /* MyQuiz */ = {
			isa = PBXGroup;
			children = (
				B02A644328AB7347000FAA3C /* AppDelegate.swift */,
				B02A644528AB7347000FAA3C /* SceneDelegate.swift */,
				B02A644728AB7347000FAA3C /* ViewController.swift */,
				B02A644928AB7347000FAA3C /* Main.storyboard */,
				B02A645928B3BF4B000FAA3C /* question.csv */,
				B02A645B28B3C14F000FAA3C /* QuestionDataManager.swift */,
				B0931C8C28CC6BE00061DB30 /* StartViewController.swift */,
				B0931C8E28CC7E590061DB30 /* QuestionViewController.swift */,
				B02A645D28C62ED5000FAA3C /* QuestionData.swift */,
				B02A645728B2722F000FAA3C /* ResultViewController.swift */,
				B02A644C28AB7349000FAA3C /* Assets.xcassets */,
				B02A644E28AB7349000FAA3C /* LaunchScreen.storyboard */,
				B02A645128AB7349000FAA3C /* Info.plist */,
			);
			path = MyQuiz;
			sourceTree = "<group>";
		};
/* End PBXGroup section */

/* Begin PBXNativeTarget section */
		B02A643F28AB7346000FAA3C /* MyQuiz */ = {
			isa = PBXNativeTarget;
			buildConfigurationList = B02A645428AB7349000FAA3C /* Build configuration list for PBXNativeTarget "MyQuiz" */;
			buildPhases = (
				B02A643C28AB7346000FAA3C /* Sources */,
				B02A643D28AB7346000FAA3C /* Frameworks */,
				B02A643E28AB7346000FAA3C /* Resources */,
			);
			buildRules = (
			);
			dependencies = (
			);
			name = MyQuiz;
			productName = MyQuiz;
			productReference = B02A644028AB7346000FAA3C /* MyQuiz.app */;
			productType = "com.apple.product-type.application";
		};
/* End PBXNativeTarget section */

/* Begin PBXProject section */
		B02A643828AB7346000FAA3C /* Project object */ = {
			isa = PBXProject;
			attributes = {
				BuildIndependentTargetsInParallel = 1;
				LastSwiftUpdateCheck = 1320;
				LastUpgradeCheck = 1320;
				TargetAttributes = {
					B02A643F28AB7346000FAA3C = {
						CreatedOnToolsVersion = 13.2.1;
					};
				};
			};
			buildConfigurationList = B02A643B28AB7346000FAA3C /* Build configuration list for PBXProject "MyQuiz" */;
			compatibilityVersion = "Xcode 13.0";
			developmentRegion = en;
			hasScannedForEncodings = 0;
			knownRegions = (
				en,
				Base,
			);
			mainGroup = B02A643728AB7346000FAA3C;
			productRefGroup = B02A644128AB7346000FAA3C /* Products */;
			projectDirPath = "";
			projectRoot = "";
			targets = (
				B02A643F28AB7346000FAA3C /* MyQuiz */,
			);
		};
/* End PBXProject section */

/* Begin PBXResourcesBuildPhase section */
		B02A643E28AB7346000FAA3C /* Resources */ = {
			isa = PBXResourcesBuildPhase;
			buildActionMask = 2147483647;
			files = (
				B02A645028AB7349000FAA3C /* LaunchScreen.storyboard in Resources */,
				B02A644D28AB7349000FAA3C /* Assets.xcassets in Resources */,
				B02A645A28B3BF4B000FAA3C /* question.csv in Resources */,
				B02A644B28AB7347000FAA3C /* Main.storyboard in Resources */,
			);
			runOnlyForDeploymentPostprocessing = 0;
		};
/* End PBXResourcesBuildPhase section */

/* Begin PBXSourcesBuildPhase section */
		B02A643C28AB7346000FAA3C /* Sources */ = {
			isa = PBXSourcesBuildPhase;
			buildActionMask = 2147483647;
			files = (
				B02A644828AB7347000FAA3C /* ViewController.swift in Sources */,
				B0931C8D28CC6BE00061DB30 /* StartViewController.swift in Sources */,
				B02A644428AB7347000FAA3C /* AppDelegate.swift in Sources */,
				B02A644628AB7347000FAA3C /* SceneDelegate.swift in Sources */,
				B02A645E28C62ED5000FAA3C /* QuestionData.swift in Sources */,
				B02A645C28B3C14F000FAA3C /* QuestionDataManager.swift in Sources */,
				B0931C8F28CC7E590061DB30 /* QuestionViewController.swift in Sources */,
				B02A645828B2722F000FAA3C /* ResultViewController.swift in Sources */,
			);
			runOnlyForDeploymentPostprocessing = 0;
		};
/* End PBXSourcesBuildPhase section */

/* Begin PBXVariantGroup section */
		B02A644928AB7347000FAA3C /* Main.storyboard */ = {
			isa = PBXVariantGroup;
			children = (
				B02A644A28AB7347000FAA3C /* Base */,
			);
			name = Main.storyboard;
			sourceTree = "<group>";
		};
		B02A644E28AB7349000FAA3C /* LaunchScreen.storyboard */ = {
			isa = PBXVariantGroup;
			children = (
				B02A644F28AB7349000FAA3C /* Base */,
			);
			name = LaunchScreen.storyboard;
			sourceTree = "<group>";
		};
/* End PBXVariantGroup section */

/* Begin XCBuildConfiguration section */
		B02A645228AB7349000FAA3C /* Debug */ = {
			isa = XCBuildConfiguration;
			buildSettings = {
				ALWAYS_SEARCH_USER_PATHS = NO;
				CLANG_ANALYZER_NONNULL = YES;
				CLANG_ANALYZER_NUMBER_OBJECT_CONVERSION = YES_AGGRESSIVE;
				CLANG_CXX_LANGUAGE_STANDARD = "gnu++17";
				CLANG_CXX_LIBRARY = "libc++";
				CLANG_ENABLE_MODULES = YES;
				CLANG_ENABLE_OBJC_ARC = YES;
				CLANG_ENABLE_OBJC_WEAK = YES;
				CLANG_WARN_BLOCK_CAPTURE_AUTORELEASING = YES;
				CLANG_WARN_BOOL_CONVERSION = YES;
				CLANG_WARN_COMMA = YES;
				CLANG_WARN_CONSTANT_CONVERSION = YES;
				CLANG_WARN_DEPRECATED_OBJC_IMPLEMENTATIONS = YES;
				CLANG_WARN_DIRECT_OBJC_ISA_USAGE = YES_ERROR;
				CLANG_WARN_DOCUMENTATION_COMMENTS = YES;
				CLANG_WARN_EMPTY_BODY = YES;
				CLANG_WARN_ENUM_CONVERSION = YES;
				CLANG_WARN_INFINITE_RECURSION = YES;
				CLANG_WARN_INT_CONVERSION = YES;
				CLANG_WARN_NON_LITERAL_NULL_CONVERSION = YES;
				CLANG_WARN_OBJC_IMPLICIT_RETAIN_SELF = YES;
				CLANG_WARN_OBJC_LITERAL_CONVERSION = YES;
				CLANG_WARN_OBJC_ROOT_CLASS = YES_ERROR;
				CLANG_WARN_QUOTED_INCLUDE_IN_FRAMEWORK_HEADER = YES;
				CLANG_WARN_RANGE_LOOP_ANALYSIS = YES;
				CLANG_WARN_STRICT_PROTOTYPES = YES;
				CLANG_WARN_SUSPICIOUS_MOVE = YES;
				CLANG_WARN_UNGUARDED_AVAILABILITY = YES_AGGRESSIVE;
				CLANG_WARN_UNREACHABLE_CODE = YES;
				CLANG_WARN__DUPLICATE_METHOD_MATCH = YES;
				COPY_PHASE_STRIP = NO;
				DEBUG_INFORMATION_FORMAT = dwarf;
				ENABLE_STRICT_OBJC_MSGSEND = YES;
				ENABLE_TESTABILITY = YES;
				GCC_C_LANGUAGE_STANDARD = gnu11;
				GCC_DYNAMIC_NO_PIC = NO;
				GCC_NO_COMMON_BLOCKS = YES;
				GCC_OPTIMIZATION_LEVEL = 0;
				GCC_PREPROCESSOR_DEFINITIONS = (
					"DEBUG=1",
					"$(inherited)",
				);
				GCC_WARN_64_TO_32_BIT_CONVERSION = YES;
				GCC_WARN_ABOUT_RETURN_TYPE = YES_ERROR;
				GCC_WARN_UNDECLARED_SELECTOR = YES;
				GCC_WARN_UNINITIALIZED_AUTOS = YES_AGGRESSIVE;
				GCC_WARN_UNUSED_FUNCTION = YES;
				GCC_WARN_UNUSED_VARIABLE = YES;
				IPHONEOS_DEPLOYMENT_TARGET = 15.2;
				MTL_ENABLE_DEBUG_INFO = INCLUDE_SOURCE;
				MTL_FAST_MATH = YES;
				ONLY_ACTIVE_ARCH = YES;
				SDKROOT = iphoneos;
				SWIFT_ACTIVE_COMPILATION_CONDITIONS = DEBUG;
				SWIFT_OPTIMIZATION_LEVEL = "-Onone";
			};
			name = Debug;
		};
		B02A645328AB7349000FAA3C /* Release */ = {
			isa = XCBuildConfiguration;
			buildSettings = {
				ALWAYS_SEARCH_USER_PATHS = NO;
				CLANG_ANALYZER_NONNULL = YES;
				CLANG_ANALYZER_NUMBER_OBJECT_CONVERSION = YES_AGGRESSIVE;
				CLANG_CXX_LANGUAGE_STANDARD = "gnu++17";
				CLANG_CXX_LIBRARY = "libc++";
				CLANG_ENABLE_MODULES = YES;
				CLANG_ENABLE_OBJC_ARC = YES;
				CLANG_ENABLE_OBJC_WEAK = YES;
				CLANG_WARN_BLOCK_CAPTURE_AUTORELEASING = YES;
				CLANG_WARN_BOOL_CONVERSION = YES;
				CLANG_WARN_COMMA = YES;
				CLANG_WARN_CONSTANT_CONVERSION = YES;
				CLANG_WARN_DEPRECATED_OBJC_IMPLEMENTATIONS = YES;
				CLANG_WARN_DIRECT_OBJC_ISA_USAGE = YES_ERROR;
				CLANG_WARN_DOCUMENTATION_COMMENTS = YES;
				CLANG_WARN_EMPTY_BODY = YES;
				CLANG_WARN_ENUM_CONVERSION = YES;
				CLANG_WARN_INFINITE_RECURSION = YES;
				CLANG_WARN_INT_CONVERSION = YES;
				CLANG_WARN_NON_LITERAL_NULL_CONVERSION = YES;
				CLANG_WARN_OBJC_IMPLICIT_RETAIN_SELF = YES;
				CLANG_WARN_OBJC_LITERAL_CONVERSION = YES;
				CLANG_WARN_OBJC_ROOT_CLASS = YES_ERROR;
				CLANG_WARN_QUOTED_INCLUDE_IN_FRAMEWORK_HEADER = YES;
				CLANG_WARN_RANGE_LOOP_ANALYSIS = YES;
				CLANG_WARN_STRICT_PROTOTYPES = YES;
				CLANG_WARN_SUSPICIOUS_MOVE = YES;
				CLANG_WARN_UNGUARDED_AVAILABILITY = YES_AGGRESSIVE;
				CLANG_WARN_UNREACHABLE_CODE = YES;
				CLANG_WARN__DUPLICATE_METHOD_MATCH = YES;
				COPY_PHASE_STRIP = NO;
				DEBUG_INFORMATION_FORMAT = "dwarf-with-dsym";
				ENABLE_NS_ASSERTIONS = NO;
				ENABLE_STRICT_OBJC_MSGSEND = YES;
				GCC_C_LANGUAGE_STANDARD = gnu11;
				GCC_NO_COMMON_BLOCKS = YES;
				GCC_WARN_64_TO_32_BIT_CONVERSION = YES;
				GCC_WARN_ABOUT_RETURN_TYPE = YES_ERROR;
				GCC_WARN_UNDECLARED_SELECTOR = YES;
				GCC_WARN_UNINITIALIZED_AUTOS = YES_AGGRESSIVE;
				GCC_WARN_UNUSED_FUNCTION = YES;
				GCC_WARN_UNUSED_VARIABLE = YES;
				IPHONEOS_DEPLOYMENT_TARGET = 15.2;
				MTL_ENABLE_DEBUG_INFO = NO;
				MTL_FAST_MATH = YES;
				SDKROOT = iphoneos;
				SWIFT_COMPILATION_MODE = wholemodule;
				SWIFT_OPTIMIZATION_LEVEL = "-O";
				VALIDATE_PRODUCT = YES;
			};
			name = Release;
		};
		B02A645528AB7349000FAA3C /* Debug */ = {
			isa = XCBuildConfiguration;
			buildSettings = {
				ASSETCATALOG_COMPILER_APPICON_NAME = AppIcon;
				ASSETCATALOG_COMPILER_GLOBAL_ACCENT_COLOR_NAME = AccentColor;
				CODE_SIGN_STYLE = Automatic;
				CURRENT_PROJECT_VERSION = 1;
				DEVELOPMENT_TEAM = CWB5UQS5Z9;
				GENERATE_INFOPLIST_FILE = YES;
				INFOPLIST_FILE = MyQuiz/Info.plist;
				INFOPLIST_KEY_UIApplicationSupportsIndirectInputEvents = YES;
				INFOPLIST_KEY_UILaunchStoryboardName = LaunchScreen;
				INFOPLIST_KEY_UIMainStoryboardFile = Main;
				INFOPLIST_KEY_UISupportedInterfaceOrientations_iPad = "UIInterfaceOrientationPortrait UIInterfaceOrientationPortraitUpsideDown UIInterfaceOrientationLandscapeLeft UIInterfaceOrientationLandscapeRight";
				INFOPLIST_KEY_UISupportedInterfaceOrientations_iPhone = "UIInterfaceOrientationPortrait UIInterfaceOrientationLandscapeLeft UIInterfaceOrientationLandscapeRight";
				LD_RUNPATH_SEARCH_PATHS = (
					"$(inherited)",
					"@executable_path/Frameworks",
				);
				MARKETING_VERSION = 1.0;
				PRODUCT_BUNDLE_IDENTIFIER = "----.MyQuiz";
				PRODUCT_NAME = "$(TARGET_NAME)";
				SWIFT_EMIT_LOC_STRINGS = YES;
				SWIFT_VERSION = 5.0;
				TARGETED_DEVICE_FAMILY = "1,2";
			};
			name = Debug;
		};
		B02A645628AB7349000FAA3C /* Release */ = {
			isa = XCBuildConfiguration;
			buildSettings = {
				ASSETCATALOG_COMPILER_APPICON_NAME = AppIcon;
				ASSETCATALOG_COMPILER_GLOBAL_ACCENT_COLOR_NAME = AccentColor;
				CODE_SIGN_STYLE = Automatic;
				CURRENT_PROJECT_VERSION = 1;
				DEVELOPMENT_TEAM = CWB5UQS5Z9;
				GENERATE_INFOPLIST_FILE = YES;
				INFOPLIST_FILE = MyQuiz/Info.plist;
				INFOPLIST_KEY_UIApplicationSupportsIndirectInputEvents = YES;
				INFOPLIST_KEY_UILaunchStoryboardName = LaunchScreen;
				INFOPLIST_KEY_UIMainStoryboardFile = Main;
				INFOPLIST_KEY_UISupportedInterfaceOrientations_iPad = "UIInterfaceOrientationPortrait UIInterfaceOrientationPortraitUpsideDown UIInterfaceOrientationLandscapeLeft UIInterfaceOrientationLandscapeRight";
				INFOPLIST_KEY_UISupportedInterfaceOrientations_iPhone = "UIInterfaceOrientationPortrait UIInterfaceOrientationLandscapeLeft UIInterfaceOrientationLandscapeRight";
				LD_RUNPATH_SEARCH_PATHS = (
					"$(inherited)",
					"@executable_path/Frameworks",
				);
				MARKETING_VERSION = 1.0;
				PRODUCT_BUNDLE_IDENTIFIER = "----.MyQuiz";
				PRODUCT_NAME = "$(TARGET_NAME)";
				SWIFT_EMIT_LOC_STRINGS = YES;
				SWIFT_VERSION = 5.0;
				TARGETED_DEVICE_FAMILY = "1,2";
			};
			name = Release;
		};
/* End XCBuildConfiguration section */

/* Begin XCConfigurationList section */
		B02A643B28AB7346000FAA3C /* Build configuration list for PBXProject "MyQuiz" */ = {
			isa = XCConfigurationList;
			buildConfigurations = (
				B02A645228AB7349000FAA3C /* Debug */,
				B02A645328AB7349000FAA3C /* Release */,
			);
			defaultConfigurationIsVisible = 0;
			defaultConfigurationName = Release;
		};
		B02A645428AB7349000FAA3C /* Build configuration list for PBXNativeTarget "MyQuiz" */ = {
			isa = XCConfigurationList;
			buildConfigurations = (
				B02A645528AB7349000FAA3C /* Debug */,
				B02A645628AB7349000FAA3C /* Release */,
			);
			defaultConfigurationIsVisible = 0;
			defaultConfigurationName = Release;
		};
/* End XCConfigurationList section */
	};
	rootObject = B02A643828AB7346000FAA3C /* Project object */;
}
